
Microsoft Visual Studio Solution File, Format Version 12.00
# Visual Studio 15
VisualStudioVersion = 15.0.26403.3
MinimumVisualStudioVersion = 10.0.40219.1
Project("{FAE04EC0-301F-11D3-BF4B-00C04F79EFBC}") = "BlogsMVC", "BlogsMVC\BlogsMVC.csproj", "{E41CCA72-EDA8-4454-8200-372326ACCB3C}"
EndProject
Project("{FAE04EC0-301F-11D3-BF4B-00C04F79EFBC}") = "BlogsMVC.测试", "BlogsMVC.测试\BlogsMVC.测试.csproj", "{C9603011-4D73-46F3-A2F6-D8E761D6F086}"
EndProject
Global
	GlobalSection(SolutionConfigurationPlatforms) = preSolution
		Debug|Any CPU = Debug|Any CPU
		Release|Any CPU = Release|Any CPU
	EndGlobalSection
	GlobalSection(ProjectConfigurationPlatforms) = postSolution
		{E41CCA72-EDA8-4454-8200-372326ACCB3C}.Debug|Any CPU.ActiveCfg = Debug|Any CPU
		{E41CCA72-EDA8-4454-8200-372326ACCB3C}.Debug|Any CPU.Build.0 = Debug|Any CPU
		{E41CCA72-EDA8-4454-8200-372326ACCB3C}.Release|Any CPU.ActiveCfg = Release|Any CPU
		{E41CCA72-EDA8-4454-8200-372326ACCB3C}.Release|Any CPU.Build.0 = Release|Any CPU
		{C9603011-4D73-46F3-A2F6-D8E761D6F086}.Debug|Any CPU.ActiveCfg = Debug|Any CPU
		{C9603011-4D73-46F3-A2F6-D8E761D6F086}.Debug|Any CPU.Build.0 = Debug|Any CPU
		{C9603011-4D73-46F3-A2F6-D8E761D6F086}.Release|Any CPU.ActiveCfg = Release|Any CPU
		{C9603011-4D73-46F3-A2F6-D8E761D6F086}.Release|Any CPU.Build.0 = Release|Any CPU
	EndGlobalSection
	GlobalSection(SolutionProperties) = preSolution
		HideSolutionNode = FALSE
	EndGlobalSection
EndGlobal
